
Microsoft Visual Studio Solution File, Format Version 12.00
# Visual Studio Version 17
VisualStudioVersion = 17.4.33103.184
MinimumVisualStudioVersion = 10.0.40219.1
Project("{9A19103F-16F7-4668-BE54-9A1E7A4F7556}") = "TicketingSolution.Core.Test", "TicketingSolution.Core.Test\TicketingSolution.Core.Test.csproj", "{D1F80B98-D356-44D7-9386-E7C8185EEC17}"
EndProject
Project("{FAE04EC0-301F-11D3-BF4B-00C04F79EFBC}") = "TicketingSolution.Core", "TicketingSolution.Core\TicketingSolution.Core.csproj", "{050E2518-6F03-464F-8A35-9B6B613B4D61}"
EndProject
Global
	GlobalSection(SolutionConfigurationPlatforms) = preSolution
		Debug|Any CPU = Debug|Any CPU
		Release|Any CPU = Release|Any CPU
	EndGlobalSection
	GlobalSection(ProjectConfigurationPlatforms) = postSolution
		{D1F80B98-D356-44D7-9386-E7C8185EEC17}.Debug|Any CPU.ActiveCfg = Debug|Any CPU
		{D1F80B98-D356-44D7-9386-E7C8185EEC17}.Debug|Any CPU.Build.0 = Debug|Any CPU
		{D1F80B98-D356-44D7-9386-E7C8185EEC17}.Release|Any CPU.ActiveCfg = Release|Any CPU
		{D1F80B98-D356-44D7-9386-E7C8185EEC17}.Release|Any CPU.Build.0 = Release|Any CPU
		{050E2518-6F03-464F-8A35-9B6B613B4D61}.Debug|Any CPU.ActiveCfg = Debug|Any CPU
		{050E2518-6F03-464F-8A35-9B6B613B4D61}.Debug|Any CPU.Build.0 = Debug|Any CPU
		{050E2518-6F03-464F-8A35-9B6B613B4D61}.Release|Any CPU.ActiveCfg = Release|Any CPU
		{050E2518-6F03-464F-8A35-9B6B613B4D61}.Release|Any CPU.Build.0 = Release|Any CPU
	EndGlobalSection
	GlobalSection(SolutionProperties) = preSolution
		HideSolutionNode = FALSE
	EndGlobalSection
	GlobalSection(ExtensibilityGlobals) = postSolution
		SolutionGuid = {9E100CCC-16EE-4CAB-81F4-03BDF3CCE35D}
	EndGlobalSection
EndGlobal
